
Microsoft Visual Studio Solution File, Format Version 12.00
# Visual Studio Version 16
VisualStudioVersion = 16.0.29025.244
MinimumVisualStudioVersion = 10.0.40219.1
Project("{FAE04EC0-301F-11D3-BF4B-00C04F79EFBC}") = "Trees", "Trees\Trees.csproj", "{C6FA556E-E8B7-4E22-83AD-EB638B7FB81E}"
EndProject
Global
	GlobalSection(SolutionConfigurationPlatforms) = preSolution
		Debug|Any CPU = Debug|Any CPU
		Release|Any CPU = Release|Any CPU
	EndGlobalSection
	GlobalSection(ProjectConfigurationPlatforms) = postSolution
		{C6FA556E-E8B7-4E22-83AD-EB638B7FB81E}.Debug|Any CPU.ActiveCfg = Debug|Any CPU
		{C6FA556E-E8B7-4E22-83AD-EB638B7FB81E}.Debug|Any CPU.Build.0 = Debug|Any CPU
		{C6FA556E-E8B7-4E22-83AD-EB638B7FB81E}.Release|Any CPU.ActiveCfg = Release|Any CPU
		{C6FA556E-E8B7-4E22-83AD-EB638B7FB81E}.Release|Any CPU.Build.0 = Release|Any CPU
	EndGlobalSection
	GlobalSection(SolutionProperties) = preSolution
		HideSolutionNode = FALSE
	EndGlobalSection
	GlobalSection(ExtensibilityGlobals) = postSolution
		SolutionGuid = {06A6EB9C-A721-49AC-BEFA-B918DDD9D17A}
	EndGlobalSection
EndGlobal
