
Microsoft Visual Studio Solution File, Format Version 12.00
# Visual Studio Version 16
VisualStudioVersion = 16.0.29230.47
MinimumVisualStudioVersion = 10.0.40219.1
Project("{FAE04EC0-301F-11D3-BF4B-00C04F79EFBC}") = "Dinamic programming", "Dinamic programming\Dinamic programming.csproj", "{05E1B260-1817-4F5E-9F58-7C6FBC58B3A6}"
EndProject
Global
	GlobalSection(SolutionConfigurationPlatforms) = preSolution
		Debug|Any CPU = Debug|Any CPU
		Release|Any CPU = Release|Any CPU
	EndGlobalSection
	GlobalSection(ProjectConfigurationPlatforms) = postSolution
		{05E1B260-1817-4F5E-9F58-7C6FBC58B3A6}.Debug|Any CPU.ActiveCfg = Debug|Any CPU
		{05E1B260-1817-4F5E-9F58-7C6FBC58B3A6}.Debug|Any CPU.Build.0 = Debug|Any CPU
		{05E1B260-1817-4F5E-9F58-7C6FBC58B3A6}.Release|Any CPU.ActiveCfg = Release|Any CPU
		{05E1B260-1817-4F5E-9F58-7C6FBC58B3A6}.Release|Any CPU.Build.0 = Release|Any CPU
	EndGlobalSection
	GlobalSection(SolutionProperties) = preSolution
		HideSolutionNode = FALSE
	EndGlobalSection
	GlobalSection(ExtensibilityGlobals) = postSolution
		SolutionGuid = {7166C2C2-A74D-4FC2-B024-516E4D48BCF5}
	EndGlobalSection
EndGlobal
